
Microsoft Visual Studio Solution File, Format Version 12.00
# Visual Studio Version 16
VisualStudioVersion = 16.0.29306.81
MinimumVisualStudioVersion = 10.0.40219.1
Project("{FAE04EC0-301F-11D3-BF4B-00C04F79EFBC}") = "4. Matching Brackets", "4. Matching Brackets\4. Matching Brackets.csproj", "{CA6DB2F8-1A1A-4521-82BA-E28D8846B7AD}"
EndProject
Global
	GlobalSection(SolutionConfigurationPlatforms) = preSolution
		Debug|Any CPU = Debug|Any CPU
		Release|Any CPU = Release|Any CPU
	EndGlobalSection
	GlobalSection(ProjectConfigurationPlatforms) = postSolution
		{CA6DB2F8-1A1A-4521-82BA-E28D8846B7AD}.Debug|Any CPU.ActiveCfg = Debug|Any CPU
		{CA6DB2F8-1A1A-4521-82BA-E28D8846B7AD}.Debug|Any CPU.Build.0 = Debug|Any CPU
		{CA6DB2F8-1A1A-4521-82BA-E28D8846B7AD}.Release|Any CPU.ActiveCfg = Release|Any CPU
		{CA6DB2F8-1A1A-4521-82BA-E28D8846B7AD}.Release|Any CPU.Build.0 = Release|Any CPU
	EndGlobalSection
	GlobalSection(SolutionProperties) = preSolution
		HideSolutionNode = FALSE
	EndGlobalSection
	GlobalSection(ExtensibilityGlobals) = postSolution
		SolutionGuid = {315FB859-DEFC-48F2-918C-E182562A5309}
	EndGlobalSection
EndGlobal
