
Microsoft Visual Studio Solution File, Format Version 12.00
# Visual Studio Version 16
VisualStudioVersion = 16.0.29306.81
MinimumVisualStudioVersion = 10.0.40219.1
Project("{FAE04EC0-301F-11D3-BF4B-00C04F79EFBC}") = "Problem 1. Basic Stack Operations", "Problem 1. Basic Stack Operations\Problem 1. Basic Stack Operations.csproj", "{7F17277F-501D-4207-A3F6-C6203C9C9A84}"
EndProject
Global
	GlobalSection(SolutionConfigurationPlatforms) = preSolution
		Debug|Any CPU = Debug|Any CPU
		Release|Any CPU = Release|Any CPU
	EndGlobalSection
	GlobalSection(ProjectConfigurationPlatforms) = postSolution
		{7F17277F-501D-4207-A3F6-C6203C9C9A84}.Debug|Any CPU.ActiveCfg = Debug|Any CPU
		{7F17277F-501D-4207-A3F6-C6203C9C9A84}.Debug|Any CPU.Build.0 = Debug|Any CPU
		{7F17277F-501D-4207-A3F6-C6203C9C9A84}.Release|Any CPU.ActiveCfg = Release|Any CPU
		{7F17277F-501D-4207-A3F6-C6203C9C9A84}.Release|Any CPU.Build.0 = Release|Any CPU
	EndGlobalSection
	GlobalSection(SolutionProperties) = preSolution
		HideSolutionNode = FALSE
	EndGlobalSection
	GlobalSection(ExtensibilityGlobals) = postSolution
		SolutionGuid = {9D962AD5-A242-4EEB-A037-39D5C359AEF3}
	EndGlobalSection
EndGlobal
